{
  "name": "Testing",
  "lockfileVersion": 3,
  "requires": true,
  "packages": {
    "": {
      "dependencies": {
        "@fjrodafo/port-finder": "^2.0.7"
      }
    },
    "../Package": {
      "name": "@fjrodafo/port-finder",
      "version": "2.0.7",
      "license": "CC0-1.0"
    },
    "node_modules/@fjrodafo/port-finder": {
      "resolved": "../Package",
      "link": true
    }
  }
}