{
  "name": "testing",
  "lockfileVersion": 3,
  "requires": true,
  "packages": {
    "": {
      "dependencies": {
        "@fjrodafo/port-finder": "^2.0.8"
      }
    },
    "node_modules/@fjrodafo/port-finder": {
      "version": "2.0.8",
      "resolved": "https://registry.npmjs.org/@fjrodafo/port-finder/-/port-finder-2.0.8.tgz",
      "integrity": "sha512-1xU2vGLwj2Rayljw5WkYCg9pmRcKphi5NMtuQnLiheNMN5BvQOEgDN6hjgdKTCXp4IYswkrM0SNAyyJxj05spA==",
      "license": "CC0-1.0",
      "funding": {
        "type": "github",
        "url": "https://github.com/sponsors/FJrodafo"
      }
    }
  }
}
